
Microsoft Visual Studio Solution File, Format Version 12.00
# Visual Studio 15
VisualStudioVersion = 15.0.28307.136
MinimumVisualStudioVersion = 10.0.40219.1
Project("{9A19103F-16F7-4668-BE54-9A1E7A4F7556}") = "Net.Torrent.Tracker.Common", "Net.Torrent.Tracker.Common\Net.Torrent.Tracker.Common.csproj", "{0FA4E836-103D-479B-BFBB-F5767A9700FA}"
EndProject
Project("{9A19103F-16F7-4668-BE54-9A1E7A4F7556}") = "Net.Torrent.Tracker.Common.Test", "Net.Torrent.Tracker.Common.Test\Net.Torrent.Tracker.Common.Test.csproj", "{EE5D0BCB-906F-4D17-8144-F7E96D83FB2D}"
EndProject
Project("{2150E333-8FDC-42A3-9474-1A3956D46DE8}") = "Solution Items", "Solution Items", "{BE09A64D-DF7F-4D3E-BE54-C82B5C73DD0D}"
	ProjectSection(SolutionItems) = preProject
		.travis.yml = .travis.yml
		LICENSE.md = LICENSE.md
		README.md = README.md
	EndProjectSection
EndProject
Project("{FAE04EC0-301F-11D3-BF4B-00C04F79EFBC}") = "Net.Torrent.Tracker", "Net.Torrent.Tracker\Net.Torrent.Tracker.csproj", "{1EE3AD4D-1D69-4327-BF8C-2CB4EE390CAB}"
EndProject
Global
	GlobalSection(SolutionConfigurationPlatforms) = preSolution
		Debug|Any CPU = Debug|Any CPU
		Release|Any CPU = Release|Any CPU
	EndGlobalSection
	GlobalSection(ProjectConfigurationPlatforms) = postSolution
		{0FA4E836-103D-479B-BFBB-F5767A9700FA}.Debug|Any CPU.ActiveCfg = Debug|Any CPU
		{0FA4E836-103D-479B-BFBB-F5767A9700FA}.Debug|Any CPU.Build.0 = Debug|Any CPU
		{0FA4E836-103D-479B-BFBB-F5767A9700FA}.Release|Any CPU.ActiveCfg = Release|Any CPU
		{0FA4E836-103D-479B-BFBB-F5767A9700FA}.Release|Any CPU.Build.0 = Release|Any CPU
		{EE5D0BCB-906F-4D17-8144-F7E96D83FB2D}.Debug|Any CPU.ActiveCfg = Debug|Any CPU
		{EE5D0BCB-906F-4D17-8144-F7E96D83FB2D}.Debug|Any CPU.Build.0 = Debug|Any CPU
		{EE5D0BCB-906F-4D17-8144-F7E96D83FB2D}.Release|Any CPU.ActiveCfg = Release|Any CPU
		{EE5D0BCB-906F-4D17-8144-F7E96D83FB2D}.Release|Any CPU.Build.0 = Release|Any CPU
		{1EE3AD4D-1D69-4327-BF8C-2CB4EE390CAB}.Debug|Any CPU.ActiveCfg = Debug|Any CPU
		{1EE3AD4D-1D69-4327-BF8C-2CB4EE390CAB}.Debug|Any CPU.Build.0 = Debug|Any CPU
		{1EE3AD4D-1D69-4327-BF8C-2CB4EE390CAB}.Release|Any CPU.ActiveCfg = Release|Any CPU
		{1EE3AD4D-1D69-4327-BF8C-2CB4EE390CAB}.Release|Any CPU.Build.0 = Release|Any CPU
	EndGlobalSection
	GlobalSection(SolutionProperties) = preSolution
		HideSolutionNode = FALSE
	EndGlobalSection
	GlobalSection(ExtensibilityGlobals) = postSolution
		SolutionGuid = {66D568BF-D205-415A-B7CD-181A7036713B}
	EndGlobalSection
EndGlobal
